// !$*UTF8*$!
{
	archiveVersion = 1;
	classes = {
	};
	objectVersion = 56;
	objects = {

/* Begin PBXBuildFile section */
		8D8F2B828AB202C343E795BE /* Pods_WeatherSwiftUI.framework in Frameworks */ = {isa = PBXBuildFile; fileRef = 42C0469779FE65C40F35FB5F /* Pods_WeatherSwiftUI.framework */; };
		BE91FB9C2BF8D8DA00AB511A /* Weather.swift in Sources */ = {isa = PBXBuildFile; fileRef = BE91FB9B2BF8D8DA00AB511A /* Weather.swift */; };
		BE9237442BF8C5E000149311 /* WeatherSwiftUIApp.swift in Sources */ = {isa = PBXBuildFile; fileRef = BE9237432BF8C5E000149311 /* WeatherSwiftUIApp.swift */; };
		BE9237462BF8C5E000149311 /* ContentView.swift in Sources */ = {isa = PBXBuildFile; fileRef = BE9237452BF8C5E000149311 /* ContentView.swift */; };
		BE9237482BF8C5E100149311 /* Assets.xcassets in Resources */ = {isa = PBXBuildFile; fileRef = BE9237472BF8C5E100149311 /* Assets.xcassets */; };
		BE92374B2BF8C5E100149311 /* Preview Assets.xcassets in Resources */ = {isa = PBXBuildFile; fileRef = BE92374A2BF8C5E100149311 /* Preview Assets.xcassets */; };
		BE9237542BF8C81200149311 /* TopView.swift in Sources */ = {isa = PBXBuildFile; fileRef = BE9237532BF8C81200149311 /* TopView.swift */; };
		BE9237592BF8CA7D00149311 /* HomeView.swift in Sources */ = {isa = PBXBuildFile; fileRef = BE9237582BF8CA7D00149311 /* HomeView.swift */; };
		BE92375C2BF8CF2F00149311 /* Constants.swift in Sources */ = {isa = PBXBuildFile; fileRef = BE92375B2BF8CF2F00149311 /* Constants.swift */; };
		BE9237602BF8D7E600149311 /* APIService.swift in Sources */ = {isa = PBXBuildFile; fileRef = BE92375F2BF8D7E600149311 /* APIService.swift */; };
		BEBEC49E2BF8E06700C3AC96 /* APIServiceProtocol.swift in Sources */ = {isa = PBXBuildFile; fileRef = BEBEC49D2BF8E06700C3AC96 /* APIServiceProtocol.swift */; };
		BEBEC4A02BF8E09B00C3AC96 /* HomeViewModel.swift in Sources */ = {isa = PBXBuildFile; fileRef = BEBEC49F2BF8E09B00C3AC96 /* HomeViewModel.swift */; };
		BEBEC4A22BF8F16200C3AC96 /* LoadingView.swift in Sources */ = {isa = PBXBuildFile; fileRef = BEBEC4A12BF8F16200C3AC96 /* LoadingView.swift */; };
/* End PBXBuildFile section */

/* Begin PBXFileReference section */
		42C0469779FE65C40F35FB5F /* Pods_WeatherSwiftUI.framework */ = {isa = PBXFileReference; explicitFileType = wrapper.framework; includeInIndex = 0; path = Pods_WeatherSwiftUI.framework; sourceTree = BUILT_PRODUCTS_DIR; };
		7B64C8FE73342710942E1BC2 /* Pods-WeatherSwiftUI.debug.xcconfig */ = {isa = PBXFileReference; includeInIndex = 1; lastKnownFileType = text.xcconfig; name = "Pods-WeatherSwiftUI.debug.xcconfig"; path = "Target Support Files/Pods-WeatherSwiftUI/Pods-WeatherSwiftUI.debug.xcconfig"; sourceTree = "<group>"; };
		990553E60F14522E168F49CA /* Pods-WeatherSwiftUI.release.xcconfig */ = {isa = PBXFileReference; includeInIndex = 1; lastKnownFileType = text.xcconfig; name = "Pods-WeatherSwiftUI.release.xcconfig"; path = "Target Support Files/Pods-WeatherSwiftUI/Pods-WeatherSwiftUI.release.xcconfig"; sourceTree = "<group>"; };
		BE91FB9B2BF8D8DA00AB511A /* Weather.swift */ = {isa = PBXFileReference; lastKnownFileType = sourcecode.swift; path = Weather.swift; sourceTree = "<group>"; };
		BE9237402BF8C5E000149311 /* WeatherSwiftUI.app */ = {isa = PBXFileReference; explicitFileType = wrapper.application; includeInIndex = 0; path = WeatherSwiftUI.app; sourceTree = BUILT_PRODUCTS_DIR; };
		BE9237432BF8C5E000149311 /* WeatherSwiftUIApp.swift */ = {isa = PBXFileReference; lastKnownFileType = sourcecode.swift; path = WeatherSwiftUIApp.swift; sourceTree = "<group>"; };
		BE9237452BF8C5E000149311 /* ContentView.swift */ = {isa = PBXFileReference; lastKnownFileType = sourcecode.swift; path = ContentView.swift; sourceTree = "<group>"; };
		BE9237472BF8C5E100149311 /* Assets.xcassets */ = {isa = PBXFileReference; lastKnownFileType = folder.assetcatalog; path = Assets.xcassets; sourceTree = "<group>"; };
		BE92374A2BF8C5E100149311 /* Preview Assets.xcassets */ = {isa = PBXFileReference; lastKnownFileType = folder.assetcatalog; path = "Preview Assets.xcassets"; sourceTree = "<group>"; };
		BE9237532BF8C81200149311 /* TopView.swift */ = {isa = PBXFileReference; lastKnownFileType = sourcecode.swift; path = TopView.swift; sourceTree = "<group>"; };
		BE9237582BF8CA7D00149311 /* HomeView.swift */ = {isa = PBXFileReference; lastKnownFileType = sourcecode.swift; path = HomeView.swift; sourceTree = "<group>"; };
		BE92375B2BF8CF2F00149311 /* Constants.swift */ = {isa = PBXFileReference; lastKnownFileType = sourcecode.swift; path = Constants.swift; sourceTree = "<group>"; };
		BE92375F2BF8D7E600149311 /* APIService.swift */ = {isa = PBXFileReference; lastKnownFileType = sourcecode.swift; path = APIService.swift; sourceTree = "<group>"; };
		BEBEC49D2BF8E06700C3AC96 /* APIServiceProtocol.swift */ = {isa = PBXFileReference; lastKnownFileType = sourcecode.swift; path = APIServiceProtocol.swift; sourceTree = "<group>"; };
		BEBEC49F2BF8E09B00C3AC96 /* HomeViewModel.swift */ = {isa = PBXFileReference; lastKnownFileType = sourcecode.swift; path = HomeViewModel.swift; sourceTree = "<group>"; };
		BEBEC4A12BF8F16200C3AC96 /* LoadingView.swift */ = {isa = PBXFileReference; lastKnownFileType = sourcecode.swift; path = LoadingView.swift; sourceTree = "<group>"; };
/* End PBXFileReference section */

/* Begin PBXFrameworksBuildPhase section */
		BE92373D2BF8C5E000149311 /* Frameworks */ = {
			isa = PBXFrameworksBuildPhase;
			buildActionMask = 2147483647;
			files = (
				8D8F2B828AB202C343E795BE /* Pods_WeatherSwiftUI.framework in Frameworks */,
			);
			runOnlyForDeploymentPostprocessing = 0;
		};
/* End PBXFrameworksBuildPhase section */

/* Begin PBXGroup section */
		577B04FE56E43B10300090B4 /* Frameworks */ = {
			isa = PBXGroup;
			children = (
				42C0469779FE65C40F35FB5F /* Pods_WeatherSwiftUI.framework */,
			);
			name = Frameworks;
			sourceTree = "<group>";
		};
		62DE507B9AF89CCEA0C1169A /* Pods */ = {
			isa = PBXGroup;
			children = (
				7B64C8FE73342710942E1BC2 /* Pods-WeatherSwiftUI.debug.xcconfig */,
				990553E60F14522E168F49CA /* Pods-WeatherSwiftUI.release.xcconfig */,
			);
			path = Pods;
			sourceTree = "<group>";
		};
		BE9237372BF8C5E000149311 = {
			isa = PBXGroup;
			children = (
				BE9237422BF8C5E000149311 /* WeatherSwiftUI */,
				BE9237412BF8C5E000149311 /* Products */,
				62DE507B9AF89CCEA0C1169A /* Pods */,
				577B04FE56E43B10300090B4 /* Frameworks */,
			);
			sourceTree = "<group>";
		};
		BE9237412BF8C5E000149311 /* Products */ = {
			isa = PBXGroup;
			children = (
				BE9237402BF8C5E000149311 /* WeatherSwiftUI.app */,
			);
			name = Products;
			sourceTree = "<group>";
		};
		BE9237422BF8C5E000149311 /* WeatherSwiftUI */ = {
			isa = PBXGroup;
			children = (
				BE9237512BF8C7BF00149311 /* HomeScreen */,
				BE9237522BF8C7D500149311 /* TemperatureScreen */,
				BE9237432BF8C5E000149311 /* WeatherSwiftUIApp.swift */,
				BE9237452BF8C5E000149311 /* ContentView.swift */,
				BE92375D2BF8D3EC00149311 /* APIService */,
				BE92375E2BF8D7C800149311 /* Models */,
				BE92375A2BF8CF2600149311 /* Util */,
				BE9237472BF8C5E100149311 /* Assets.xcassets */,
				BE9237492BF8C5E100149311 /* Preview Content */,
			);
			path = WeatherSwiftUI;
			sourceTree = "<group>";
		};
		BE9237492BF8C5E100149311 /* Preview Content */ = {
			isa = PBXGroup;
			children = (
				BE92374A2BF8C5E100149311 /* Preview Assets.xcassets */,
			);
			path = "Preview Content";
			sourceTree = "<group>";
		};
		BE9237512BF8C7BF00149311 /* HomeScreen */ = {
			isa = PBXGroup;
			children = (
				BE9237572BF8CA2100149311 /* Bottom */,
				BE9237562BF8CA1B00149311 /* Middle */,
				BE9237552BF8CA0F00149311 /* Top */,
				BE9237582BF8CA7D00149311 /* HomeView.swift */,
				BEBEC49F2BF8E09B00C3AC96 /* HomeViewModel.swift */,
			);
			path = HomeScreen;
			sourceTree = "<group>";
		};
		BE9237522BF8C7D500149311 /* TemperatureScreen */ = {
			isa = PBXGroup;
			children = (
			);
			path = TemperatureScreen;
			sourceTree = "<group>";
		};
		BE9237552BF8CA0F00149311 /* Top */ = {
			isa = PBXGroup;
			children = (
				BE9237532BF8C81200149311 /* TopView.swift */,
			);
			path = Top;
			sourceTree = "<group>";
		};
		BE9237562BF8CA1B00149311 /* Middle */ = {
			isa = PBXGroup;
			children = (
			);
			path = Middle;
			sourceTree = "<group>";
		};
		BE9237572BF8CA2100149311 /* Bottom */ = {
			isa = PBXGroup;
			children = (
			);
			path = Bottom;
			sourceTree = "<group>";
		};
		BE92375A2BF8CF2600149311 /* Util */ = {
			isa = PBXGroup;
			children = (
				BE92375B2BF8CF2F00149311 /* Constants.swift */,
				BEBEC4A12BF8F16200C3AC96 /* LoadingView.swift */,
			);
			path = Util;
			sourceTree = "<group>";
		};
		BE92375D2BF8D3EC00149311 /* APIService */ = {
			isa = PBXGroup;
			children = (
				BE92375F2BF8D7E600149311 /* APIService.swift */,
				BEBEC49D2BF8E06700C3AC96 /* APIServiceProtocol.swift */,
			);
			path = APIService;
			sourceTree = "<group>";
		};
		BE92375E2BF8D7C800149311 /* Models */ = {
			isa = PBXGroup;
			children = (
				BE91FB9B2BF8D8DA00AB511A /* Weather.swift */,
			);
			path = Models;
			sourceTree = "<group>";
		};
/* End PBXGroup section */

/* Begin PBXNativeTarget section */
		BE92373F2BF8C5E000149311 /* WeatherSwiftUI */ = {
			isa = PBXNativeTarget;
			buildConfigurationList = BE92374E2BF8C5E100149311 /* Build configuration list for PBXNativeTarget "WeatherSwiftUI" */;
			buildPhases = (
				05BFFF5CAD6546FCF08789C1 /* [CP] Check Pods Manifest.lock */,
				BE92373C2BF8C5E000149311 /* Sources */,
				BE92373D2BF8C5E000149311 /* Frameworks */,
				BE92373E2BF8C5E000149311 /* Resources */,
				F09A81AEBF4AD3C8C0248969 /* [CP] Embed Pods Frameworks */,
			);
			buildRules = (
			);
			dependencies = (
			);
			name = WeatherSwiftUI;
			productName = WeatherSwiftUI;
			productReference = BE9237402BF8C5E000149311 /* WeatherSwiftUI.app */;
			productType = "com.apple.product-type.application";
		};
/* End PBXNativeTarget section */

/* Begin PBXProject section */
		BE9237382BF8C5E000149311 /* Project object */ = {
			isa = PBXProject;
			attributes = {
				BuildIndependentTargetsInParallel = 1;
				LastSwiftUpdateCheck = 1530;
				LastUpgradeCheck = 1530;
				TargetAttributes = {
					BE92373F2BF8C5E000149311 = {
						CreatedOnToolsVersion = 15.3;
					};
				};
			};
			buildConfigurationList = BE92373B2BF8C5E000149311 /* Build configuration list for PBXProject "WeatherSwiftUI" */;
			compatibilityVersion = "Xcode 14.0";
			developmentRegion = en;
			hasScannedForEncodings = 0;
			knownRegions = (
				en,
				Base,
			);
			mainGroup = BE9237372BF8C5E000149311;
			productRefGroup = BE9237412BF8C5E000149311 /* Products */;
			projectDirPath = "";
			projectRoot = "";
			targets = (
				BE92373F2BF8C5E000149311 /* WeatherSwiftUI */,
			);
		};
/* End PBXProject section */

/* Begin PBXResourcesBuildPhase section */
		BE92373E2BF8C5E000149311 /* Resources */ = {
			isa = PBXResourcesBuildPhase;
			buildActionMask = 2147483647;
			files = (
				BE92374B2BF8C5E100149311 /* Preview Assets.xcassets in Resources */,
				BE9237482BF8C5E100149311 /* Assets.xcassets in Resources */,
			);
			runOnlyForDeploymentPostprocessing = 0;
		};
/* End PBXResourcesBuildPhase section */

/* Begin PBXShellScriptBuildPhase section */
		05BFFF5CAD6546FCF08789C1 /* [CP] Check Pods Manifest.lock */ = {
			isa = PBXShellScriptBuildPhase;
			buildActionMask = 2147483647;
			files = (
			);
			inputFileListPaths = (
			);
			inputPaths = (
				"${PODS_PODFILE_DIR_PATH}/Podfile.lock",
				"${PODS_ROOT}/Manifest.lock",
			);
			name = "[CP] Check Pods Manifest.lock";
			outputFileListPaths = (
			);
			outputPaths = (
				"$(DERIVED_FILE_DIR)/Pods-WeatherSwiftUI-checkManifestLockResult.txt",
			);
			runOnlyForDeploymentPostprocessing = 0;
			shellPath = /bin/sh;
			shellScript = "diff \"${PODS_PODFILE_DIR_PATH}/Podfile.lock\" \"${PODS_ROOT}/Manifest.lock\" > /dev/null\nif [ $? != 0 ] ; then\n    # print error to STDERR\n    echo \"error: The sandbox is not in sync with the Podfile.lock. Run 'pod install' or update your CocoaPods installation.\" >&2\n    exit 1\nfi\n# This output is used by Xcode 'outputs' to avoid re-running this script phase.\necho \"SUCCESS\" > \"${SCRIPT_OUTPUT_FILE_0}\"\n";
			showEnvVarsInLog = 0;
		};
		F09A81AEBF4AD3C8C0248969 /* [CP] Embed Pods Frameworks */ = {
			isa = PBXShellScriptBuildPhase;
			buildActionMask = 2147483647;
			files = (
			);
			inputFileListPaths = (
				"${PODS_ROOT}/Target Support Files/Pods-WeatherSwiftUI/Pods-WeatherSwiftUI-frameworks-${CONFIGURATION}-input-files.xcfilelist",
			);
			name = "[CP] Embed Pods Frameworks";
			outputFileListPaths = (
				"${PODS_ROOT}/Target Support Files/Pods-WeatherSwiftUI/Pods-WeatherSwiftUI-frameworks-${CONFIGURATION}-output-files.xcfilelist",
			);
			runOnlyForDeploymentPostprocessing = 0;
			shellPath = /bin/sh;
			shellScript = "\"${PODS_ROOT}/Target Support Files/Pods-WeatherSwiftUI/Pods-WeatherSwiftUI-frameworks.sh\"\n";
			showEnvVarsInLog = 0;
		};
/* End PBXShellScriptBuildPhase section */

/* Begin PBXSourcesBuildPhase section */
		BE92373C2BF8C5E000149311 /* Sources */ = {
			isa = PBXSourcesBuildPhase;
			buildActionMask = 2147483647;
			files = (
				BEBEC49E2BF8E06700C3AC96 /* APIServiceProtocol.swift in Sources */,
				BEBEC4A02BF8E09B00C3AC96 /* HomeViewModel.swift in Sources */,
				BE92375C2BF8CF2F00149311 /* Constants.swift in Sources */,
				BEBEC4A22BF8F16200C3AC96 /* LoadingView.swift in Sources */,
				BE9237462BF8C5E000149311 /* ContentView.swift in Sources */,
				BE91FB9C2BF8D8DA00AB511A /* Weather.swift in Sources */,
				BE9237592BF8CA7D00149311 /* HomeView.swift in Sources */,
				BE9237542BF8C81200149311 /* TopView.swift in Sources */,
				BE9237602BF8D7E600149311 /* APIService.swift in Sources */,
				BE9237442BF8C5E000149311 /* WeatherSwiftUIApp.swift in Sources */,
			);
			runOnlyForDeploymentPostprocessing = 0;
		};
/* End PBXSourcesBuildPhase section */

/* Begin XCBuildConfiguration section */
		BE92374C2BF8C5E100149311 /* Debug */ = {
			isa = XCBuildConfiguration;
			buildSettings = {
				ALWAYS_SEARCH_USER_PATHS = NO;
				ASSETCATALOG_COMPILER_GENERATE_SWIFT_ASSET_SYMBOL_EXTENSIONS = YES;
				CLANG_ANALYZER_NONNULL = YES;
				CLANG_ANALYZER_NUMBER_OBJECT_CONVERSION = YES_AGGRESSIVE;
				CLANG_CXX_LANGUAGE_STANDARD = "gnu++20";
				CLANG_ENABLE_MODULES = YES;
				CLANG_ENABLE_OBJC_ARC = YES;
				CLANG_ENABLE_OBJC_WEAK = YES;
				CLANG_WARN_BLOCK_CAPTURE_AUTORELEASING = YES;
				CLANG_WARN_BOOL_CONVERSION = YES;
				CLANG_WARN_COMMA = YES;
				CLANG_WARN_CONSTANT_CONVERSION = YES;
				CLANG_WARN_DEPRECATED_OBJC_IMPLEMENTATIONS = YES;
				CLANG_WARN_DIRECT_OBJC_ISA_USAGE = YES_ERROR;
				CLANG_WARN_DOCUMENTATION_COMMENTS = YES;
				CLANG_WARN_EMPTY_BODY = YES;
				CLANG_WARN_ENUM_CONVERSION = YES;
				CLANG_WARN_INFINITE_RECURSION = YES;
				CLANG_WARN_INT_CONVERSION = YES;
				CLANG_WARN_NON_LITERAL_NULL_CONVERSION = YES;
				CLANG_WARN_OBJC_IMPLICIT_RETAIN_SELF = YES;
				CLANG_WARN_OBJC_LITERAL_CONVERSION = YES;
				CLANG_WARN_OBJC_ROOT_CLASS = YES_ERROR;
				CLANG_WARN_QUOTED_INCLUDE_IN_FRAMEWORK_HEADER = YES;
				CLANG_WARN_RANGE_LOOP_ANALYSIS = YES;
				CLANG_WARN_STRICT_PROTOTYPES = YES;
				CLANG_WARN_SUSPICIOUS_MOVE = YES;
				CLANG_WARN_UNGUARDED_AVAILABILITY = YES_AGGRESSIVE;
				CLANG_WARN_UNREACHABLE_CODE = YES;
				CLANG_WARN__DUPLICATE_METHOD_MATCH = YES;
				COPY_PHASE_STRIP = NO;
				DEBUG_INFORMATION_FORMAT = dwarf;
				ENABLE_STRICT_OBJC_MSGSEND = YES;
				ENABLE_TESTABILITY = YES;
				ENABLE_USER_SCRIPT_SANDBOXING = NO;
				GCC_C_LANGUAGE_STANDARD = gnu17;
				GCC_DYNAMIC_NO_PIC = NO;
				GCC_NO_COMMON_BLOCKS = YES;
				GCC_OPTIMIZATION_LEVEL = 0;
				GCC_PREPROCESSOR_DEFINITIONS = (
					"DEBUG=1",
					"$(inherited)",
				);
				GCC_WARN_64_TO_32_BIT_CONVERSION = YES;
				GCC_WARN_ABOUT_RETURN_TYPE = YES_ERROR;
				GCC_WARN_UNDECLARED_SELECTOR = YES;
				GCC_WARN_UNINITIALIZED_AUTOS = YES_AGGRESSIVE;
				GCC_WARN_UNUSED_FUNCTION = YES;
				GCC_WARN_UNUSED_VARIABLE = YES;
				IPHONEOS_DEPLOYMENT_TARGET = 17.4;
				LOCALIZATION_PREFERS_STRING_CATALOGS = YES;
				MTL_ENABLE_DEBUG_INFO = INCLUDE_SOURCE;
				MTL_FAST_MATH = YES;
				ONLY_ACTIVE_ARCH = YES;
				SDKROOT = iphoneos;
				SWIFT_ACTIVE_COMPILATION_CONDITIONS = "DEBUG $(inherited)";
				SWIFT_OPTIMIZATION_LEVEL = "-Onone";
			};
			name = Debug;
		};
		BE92374D2BF8C5E100149311 /* Release */ = {
			isa = XCBuildConfiguration;
			buildSettings = {
				ALWAYS_SEARCH_USER_PATHS = NO;
				ASSETCATALOG_COMPILER_GENERATE_SWIFT_ASSET_SYMBOL_EXTENSIONS = YES;
				CLANG_ANALYZER_NONNULL = YES;
				CLANG_ANALYZER_NUMBER_OBJECT_CONVERSION = YES_AGGRESSIVE;
				CLANG_CXX_LANGUAGE_STANDARD = "gnu++20";
				CLANG_ENABLE_MODULES = YES;
				CLANG_ENABLE_OBJC_ARC = YES;
				CLANG_ENABLE_OBJC_WEAK = YES;
				CLANG_WARN_BLOCK_CAPTURE_AUTORELEASING = YES;
				CLANG_WARN_BOOL_CONVERSION = YES;
				CLANG_WARN_COMMA = YES;
				CLANG_WARN_CONSTANT_CONVERSION = YES;
				CLANG_WARN_DEPRECATED_OBJC_IMPLEMENTATIONS = YES;
				CLANG_WARN_DIRECT_OBJC_ISA_USAGE = YES_ERROR;
				CLANG_WARN_DOCUMENTATION_COMMENTS = YES;
				CLANG_WARN_EMPTY_BODY = YES;
				CLANG_WARN_ENUM_CONVERSION = YES;
				CLANG_WARN_INFINITE_RECURSION = YES;
				CLANG_WARN_INT_CONVERSION = YES;
				CLANG_WARN_NON_LITERAL_NULL_CONVERSION = YES;
				CLANG_WARN_OBJC_IMPLICIT_RETAIN_SELF = YES;
				CLANG_WARN_OBJC_LITERAL_CONVERSION = YES;
				CLANG_WARN_OBJC_ROOT_CLASS = YES_ERROR;
				CLANG_WARN_QUOTED_INCLUDE_IN_FRAMEWORK_HEADER = YES;
				CLANG_WARN_RANGE_LOOP_ANALYSIS = YES;
				CLANG_WARN_STRICT_PROTOTYPES = YES;
				CLANG_WARN_SUSPICIOUS_MOVE = YES;
				CLANG_WARN_UNGUARDED_AVAILABILITY = YES_AGGRESSIVE;
				CLANG_WARN_UNREACHABLE_CODE = YES;
				CLANG_WARN__DUPLICATE_METHOD_MATCH = YES;
				COPY_PHASE_STRIP = NO;
				DEBUG_INFORMATION_FORMAT = "dwarf-with-dsym";
				ENABLE_NS_ASSERTIONS = NO;
				ENABLE_STRICT_OBJC_MSGSEND = YES;
				ENABLE_USER_SCRIPT_SANDBOXING = NO;
				GCC_C_LANGUAGE_STANDARD = gnu17;
				GCC_NO_COMMON_BLOCKS = YES;
				GCC_WARN_64_TO_32_BIT_CONVERSION = YES;
				GCC_WARN_ABOUT_RETURN_TYPE = YES_ERROR;
				GCC_WARN_UNDECLARED_SELECTOR = YES;
				GCC_WARN_UNINITIALIZED_AUTOS = YES_AGGRESSIVE;
				GCC_WARN_UNUSED_FUNCTION = YES;
				GCC_WARN_UNUSED_VARIABLE = YES;
				IPHONEOS_DEPLOYMENT_TARGET = 17.4;
				LOCALIZATION_PREFERS_STRING_CATALOGS = YES;
				MTL_ENABLE_DEBUG_INFO = NO;
				MTL_FAST_MATH = YES;
				SDKROOT = iphoneos;
				SWIFT_COMPILATION_MODE = wholemodule;
				VALIDATE_PRODUCT = YES;
			};
			name = Release;
		};
		BE92374F2BF8C5E100149311 /* Debug */ = {
			isa = XCBuildConfiguration;
			baseConfigurationReference = 7B64C8FE73342710942E1BC2 /* Pods-WeatherSwiftUI.debug.xcconfig */;
			buildSettings = {
				ASSETCATALOG_COMPILER_APPICON_NAME = AppIcon;
				ASSETCATALOG_COMPILER_GLOBAL_ACCENT_COLOR_NAME = AccentColor;
				CODE_SIGN_STYLE = Automatic;
				CURRENT_PROJECT_VERSION = 1;
				DEVELOPMENT_ASSET_PATHS = "\"WeatherSwiftUI/Preview Content\"";
				ENABLE_PREVIEWS = YES;
				GENERATE_INFOPLIST_FILE = YES;
				INFOPLIST_KEY_UIApplicationSceneManifest_Generation = YES;
				INFOPLIST_KEY_UIApplicationSupportsIndirectInputEvents = YES;
				INFOPLIST_KEY_UILaunchScreen_Generation = YES;
				INFOPLIST_KEY_UISupportedInterfaceOrientations_iPad = "UIInterfaceOrientationPortrait UIInterfaceOrientationPortraitUpsideDown UIInterfaceOrientationLandscapeLeft UIInterfaceOrientationLandscapeRight";
				INFOPLIST_KEY_UISupportedInterfaceOrientations_iPhone = "UIInterfaceOrientationPortrait UIInterfaceOrientationLandscapeLeft UIInterfaceOrientationLandscapeRight";
				LD_RUNPATH_SEARCH_PATHS = (
					"$(inherited)",
					"@executable_path/Frameworks",
				);
				MARKETING_VERSION = 1.0;
				PRODUCT_BUNDLE_IDENTIFIER = com.welly.WeatherSwiftUI;
				PRODUCT_NAME = "$(TARGET_NAME)";
				SWIFT_EMIT_LOC_STRINGS = YES;
				SWIFT_VERSION = 5.0;
				TARGETED_DEVICE_FAMILY = "1,2";
			};
			name = Debug;
		};
		BE9237502BF8C5E100149311 /* Release */ = {
			isa = XCBuildConfiguration;
			baseConfigurationReference = 990553E60F14522E168F49CA /* Pods-WeatherSwiftUI.release.xcconfig */;
			buildSettings = {
				ASSETCATALOG_COMPILER_APPICON_NAME = AppIcon;
				ASSETCATALOG_COMPILER_GLOBAL_ACCENT_COLOR_NAME = AccentColor;
				CODE_SIGN_STYLE = Automatic;
				CURRENT_PROJECT_VERSION = 1;
				DEVELOPMENT_ASSET_PATHS = "\"WeatherSwiftUI/Preview Content\"";
				ENABLE_PREVIEWS = YES;
				GENERATE_INFOPLIST_FILE = YES;
				INFOPLIST_KEY_UIApplicationSceneManifest_Generation = YES;
				INFOPLIST_KEY_UIApplicationSupportsIndirectInputEvents = YES;
				INFOPLIST_KEY_UILaunchScreen_Generation = YES;
				INFOPLIST_KEY_UISupportedInterfaceOrientations_iPad = "UIInterfaceOrientationPortrait UIInterfaceOrientationPortraitUpsideDown UIInterfaceOrientationLandscapeLeft UIInterfaceOrientationLandscapeRight";
				INFOPLIST_KEY_UISupportedInterfaceOrientations_iPhone = "UIInterfaceOrientationPortrait UIInterfaceOrientationLandscapeLeft UIInterfaceOrientationLandscapeRight";
				LD_RUNPATH_SEARCH_PATHS = (
					"$(inherited)",
					"@executable_path/Frameworks",
				);
				MARKETING_VERSION = 1.0;
				PRODUCT_BUNDLE_IDENTIFIER = com.welly.WeatherSwiftUI;
				PRODUCT_NAME = "$(TARGET_NAME)";
				SWIFT_EMIT_LOC_STRINGS = YES;
				SWIFT_VERSION = 5.0;
				TARGETED_DEVICE_FAMILY = "1,2";
			};
			name = Release;
		};
/* End XCBuildConfiguration section */

/* Begin XCConfigurationList section */
		BE92373B2BF8C5E000149311 /* Build configuration list for PBXProject "WeatherSwiftUI" */ = {
			isa = XCConfigurationList;
			buildConfigurations = (
				BE92374C2BF8C5E100149311 /* Debug */,
				BE92374D2BF8C5E100149311 /* Release */,
			);
			defaultConfigurationIsVisible = 0;
			defaultConfigurationName = Release;
		};
		BE92374E2BF8C5E100149311 /* Build configuration list for PBXNativeTarget "WeatherSwiftUI" */ = {
			isa = XCConfigurationList;
			buildConfigurations = (
				BE92374F2BF8C5E100149311 /* Debug */,
				BE9237502BF8C5E100149311 /* Release */,
			);
			defaultConfigurationIsVisible = 0;
			defaultConfigurationName = Release;
		};
/* End XCConfigurationList section */
	};
	rootObject = BE9237382BF8C5E000149311 /* Project object */;
}
